// !$*UTF8*$!
{
	archiveVersion = 1;
	classes = {
	};
	objectVersion = 46;
	objects = {

/* Begin PBXBuildFile section */
		77F7A5831D46DC0A00E4BD28 /* RxCocoa.framework in Frameworks */ = {isa = PBXBuildFile; fileRef = B60FCFED1D460B62003DC1F8 /* RxCocoa.framework */; };
		77F7A5841D46DC0A00E4BD28 /* RxDataSources.framework in Frameworks */ = {isa = PBXBuildFile; fileRef = B60FD0161D460B6D003DC1F8 /* RxDataSources.framework */; };
		77F7A5851D46DC0A00E4BD28 /* RxSwift.framework in Frameworks */ = {isa = PBXBuildFile; fileRef = B60FCFE51D460B62003DC1F8 /* RxSwift.framework */; };
		77F7A5871D46DC3A00E4BD28 /* RxSwift.framework in CopyFiles */ = {isa = PBXBuildFile; fileRef = B60FCFE51D460B62003DC1F8 /* RxSwift.framework */; settings = {ATTRIBUTES = (CodeSignOnCopy, RemoveHeadersOnCopy, ); }; };
		77F7A5881D46DC3A00E4BD28 /* RxCocoa.framework in CopyFiles */ = {isa = PBXBuildFile; fileRef = B60FCFED1D460B62003DC1F8 /* RxCocoa.framework */; settings = {ATTRIBUTES = (CodeSignOnCopy, RemoveHeadersOnCopy, ); }; };
		77F7A5891D46DC3A00E4BD28 /* RxDataSources.framework in CopyFiles */ = {isa = PBXBuildFile; fileRef = B60FD0161D460B6D003DC1F8 /* RxDataSources.framework */; settings = {ATTRIBUTES = (CodeSignOnCopy, RemoveHeadersOnCopy, ); }; };
		B60FD04F1D4610B5003DC1F8 /* WindowTimers.m in Sources */ = {isa = PBXBuildFile; fileRef = B60FD04E1D4610B5003DC1F8 /* WindowTimers.m */; };
		B60FD0531D4610D5003DC1F8 /* XMLHTTPRequest.m in Sources */ = {isa = PBXBuildFile; fileRef = B60FD0521D4610D5003DC1F8 /* XMLHTTPRequest.m */; };
		B60FD06F1D4628D7003DC1F8 /* app.js in Resources */ = {isa = PBXBuildFile; fileRef = B60FD06E1D4628D7003DC1F8 /* app.js */; };
		B60FD0771D462ABB003DC1F8 /* Item.swift in Sources */ = {isa = PBXBuildFile; fileRef = B60FD0751D462ABB003DC1F8 /* Item.swift */; };
		B60FD0781D462ABB003DC1F8 /* ItemService.swift in Sources */ = {isa = PBXBuildFile; fileRef = B60FD0761D462ABB003DC1F8 /* ItemService.swift */; };
		B60FD07A1D462C2E003DC1F8 /* TableViewCell.swift in Sources */ = {isa = PBXBuildFile; fileRef = B60FD0791D462C2E003DC1F8 /* TableViewCell.swift */; };
		B60FD07C1D464A71003DC1F8 /* Item+RxDataSources.swift in Sources */ = {isa = PBXBuildFile; fileRef = B60FD07B1D464A71003DC1F8 /* Item+RxDataSources.swift */; };
		B63FE6EE1CF85675007575DB /* AppDelegate.swift in Sources */ = {isa = PBXBuildFile; fileRef = B63FE6ED1CF85675007575DB /* AppDelegate.swift */; };
		B63FE6F01CF85675007575DB /* ViewController.swift in Sources */ = {isa = PBXBuildFile; fileRef = B63FE6EF1CF85675007575DB /* ViewController.swift */; };
		B63FE6F31CF85675007575DB /* Main.storyboard in Resources */ = {isa = PBXBuildFile; fileRef = B63FE6F11CF85675007575DB /* Main.storyboard */; };
		B63FE6F51CF85675007575DB /* Assets.xcassets in Resources */ = {isa = PBXBuildFile; fileRef = B63FE6F41CF85675007575DB /* Assets.xcassets */; };
		B63FE6F81CF85675007575DB /* LaunchScreen.storyboard in Resources */ = {isa = PBXBuildFile; fileRef = B63FE6F61CF85675007575DB /* LaunchScreen.storyboard */; };
		B63FE7031CF85675007575DB /* iosReduxAsyncTests.swift in Sources */ = {isa = PBXBuildFile; fileRef = B63FE7021CF85675007575DB /* iosReduxAsyncTests.swift */; };
		B63FE70E1CF85675007575DB /* iosReduxAsyncUITests.swift in Sources */ = {isa = PBXBuildFile; fileRef = B63FE70D1CF85675007575DB /* iosReduxAsyncUITests.swift */; };
/* End PBXBuildFile section */

/* Begin PBXContainerItemProxy section */
		77F7A5781D46DBD300E4BD28 /* PBXContainerItemProxy */ = {
			isa = PBXContainerItemProxy;
			containerPortal = B60FCFCD1D460B61003DC1F8 /* Rx.xcodeproj */;
			proxyType = 1;
			remoteGlobalIDString = C8A56AD61AD7424700B4673B;
			remoteInfo = "RxSwift-iOS";
		};
		77F7A57C1D46DBD300E4BD28 /* PBXContainerItemProxy */ = {
			isa = PBXContainerItemProxy;
			containerPortal = B60FCFCD1D460B61003DC1F8 /* Rx.xcodeproj */;
			proxyType = 1;
			remoteGlobalIDString = C80938F51B8A71760088E94D;
			remoteInfo = "RxCocoa-iOS";
		};
		77F7A5801D46DBD400E4BD28 /* PBXContainerItemProxy */ = {
			isa = PBXContainerItemProxy;
			containerPortal = B60FD00C1D460B6D003DC1F8 /* RxDataSources.xcodeproj */;
			proxyType = 1;
			remoteGlobalIDString = C8984C591C36AF35001E4272;
			remoteInfo = "RxDataSources-iOS";
		};
		B60FCFE41D460B62003DC1F8 /* PBXContainerItemProxy */ = {
			isa = PBXContainerItemProxy;
			containerPortal = B60FCFCD1D460B61003DC1F8 /* Rx.xcodeproj */;
			proxyType = 2;
			remoteGlobalIDString = C8A56AD71AD7424700B4673B;
			remoteInfo = "RxSwift-iOS";
		};
		B60FCFE61D460B62003DC1F8 /* PBXContainerItemProxy */ = {
			isa = PBXContainerItemProxy;
			containerPortal = B60FCFCD1D460B61003DC1F8 /* Rx.xcodeproj */;
			proxyType = 2;
			remoteGlobalIDString = C88BB8711B07E5ED0064D411;
			remoteInfo = "RxSwift-OSX";
		};
		B60FCFE81D460B62003DC1F8 /* PBXContainerItemProxy */ = {
			isa = PBXContainerItemProxy;
			containerPortal = B60FCFCD1D460B61003DC1F8 /* Rx.xcodeproj */;
			proxyType = 2;
			remoteGlobalIDString = D2EA280C1BB9B5A200880ED3;
			remoteInfo = "RxSwift-tvOS";
		};
		B60FCFEA1D460B62003DC1F8 /* PBXContainerItemProxy */ = {
			isa = PBXContainerItemProxy;
			containerPortal = B60FCFCD1D460B61003DC1F8 /* Rx.xcodeproj */;
			proxyType = 2;
			remoteGlobalIDString = C8F0C0021BBBFB8B001B112F;
			remoteInfo = "RxSwift-watchOS";
		};
		B60FCFEC1D460B62003DC1F8 /* PBXContainerItemProxy */ = {
			isa = PBXContainerItemProxy;
			containerPortal = B60FCFCD1D460B61003DC1F8 /* Rx.xcodeproj */;
			proxyType = 2;
			remoteGlobalIDString = C809396D1B8A71760088E94D;
			remoteInfo = "RxCocoa-iOS";
		};
		B60FCFEE1D460B62003DC1F8 /* PBXContainerItemProxy */ = {
			isa = PBXContainerItemProxy;
			containerPortal = B60FCFCD1D460B61003DC1F8 /* Rx.xcodeproj */;
			proxyType = 2;
			remoteGlobalIDString = C80939E71B8A71840088E94D;
			remoteInfo = "RxCocoa-OSX";
		};
		B60FCFF01D460B62003DC1F8 /* PBXContainerItemProxy */ = {
			isa = PBXContainerItemProxy;
			containerPortal = B60FCFCD1D460B61003DC1F8 /* Rx.xcodeproj */;
			proxyType = 2;
			remoteGlobalIDString = D2138C751BB9BE9800339B5C;
			remoteInfo = "RxCocoa-tvOS";
		};
		B60FCFF21D460B62003DC1F8 /* PBXContainerItemProxy */ = {
			isa = PBXContainerItemProxy;
			containerPortal = B60FCFCD1D460B61003DC1F8 /* Rx.xcodeproj */;
			proxyType = 2;
			remoteGlobalIDString = C8F0C04B1BBBFBB9001B112F;
			remoteInfo = "RxCocoa-watchOS";
		};
		B60FCFF41D460B62003DC1F8 /* PBXContainerItemProxy */ = {
			isa = PBXContainerItemProxy;
			containerPortal = B60FCFCD1D460B61003DC1F8 /* Rx.xcodeproj */;
			proxyType = 2;
			remoteGlobalIDString = C8093BC71B8A71F00088E94D;
			remoteInfo = "RxBlocking-iOS";
		};
		B60FCFF61D460B62003DC1F8 /* PBXContainerItemProxy */ = {
			isa = PBXContainerItemProxy;
			containerPortal = B60FCFCD1D460B61003DC1F8 /* Rx.xcodeproj */;
			proxyType = 2;
			remoteGlobalIDString = C8093C451B8A71FC0088E94D;
			remoteInfo = "RxBlocking-OSX";
		};
		B60FCFF81D460B62003DC1F8 /* PBXContainerItemProxy */ = {
			isa = PBXContainerItemProxy;
			containerPortal = B60FCFCD1D460B61003DC1F8 /* Rx.xcodeproj */;
			proxyType = 2;
			remoteGlobalIDString = D2EBEB811BB9B99D003A27DC;
			remoteInfo = "RxBlocking-tvOS";
		};
		B60FCFFA1D460B62003DC1F8 /* PBXContainerItemProxy */ = {
			isa = PBXContainerItemProxy;
			containerPortal = B60FCFCD1D460B61003DC1F8 /* Rx.xcodeproj */;
			proxyType = 2;
			remoteGlobalIDString = C8F0C0581BBBFBCE001B112F;
			remoteInfo = "RxBlocking-watchOS";
		};
		B60FCFFC1D460B62003DC1F8 /* PBXContainerItemProxy */ = {
			isa = PBXContainerItemProxy;
			containerPortal = B60FCFCD1D460B61003DC1F8 /* Rx.xcodeproj */;
			proxyType = 2;
			remoteGlobalIDString = C88FA50C1C25C44800CCFEA4;
			remoteInfo = "RxTests-iOS";
		};
		B60FCFFE1D460B62003DC1F8 /* PBXContainerItemProxy */ = {
			isa = PBXContainerItemProxy;
			containerPortal = B60FCFCD1D460B61003DC1F8 /* Rx.xcodeproj */;
			proxyType = 2;
			remoteGlobalIDString = C88FA51D1C25C4B500CCFEA4;
			remoteInfo = "RxTests-OSX";
		};
		B60FD0001D460B62003DC1F8 /* PBXContainerItemProxy */ = {
			isa = PBXContainerItemProxy;
			containerPortal = B60FCFCD1D460B61003DC1F8 /* Rx.xcodeproj */;
			proxyType = 2;
			remoteGlobalIDString = C88FA52E1C25C4C000CCFEA4;
			remoteInfo = "RxTests-tvOS";
		};
		B60FD0021D460B62003DC1F8 /* PBXContainerItemProxy */ = {
			isa = PBXContainerItemProxy;
			containerPortal = B60FCFCD1D460B61003DC1F8 /* Rx.xcodeproj */;
			proxyType = 2;
			remoteGlobalIDString = C88FA53F1C25C4CC00CCFEA4;
			remoteInfo = "RxTests-watchOS";
		};
		B60FD0041D460B62003DC1F8 /* PBXContainerItemProxy */ = {
			isa = PBXContainerItemProxy;
			containerPortal = B60FCFCD1D460B61003DC1F8 /* Rx.xcodeproj */;
			proxyType = 2;
			remoteGlobalIDString = C83508C31C386F6F0027C24C;
			remoteInfo = "AllTests-iOS";
		};
		B60FD0061D460B62003DC1F8 /* PBXContainerItemProxy */ = {
			isa = PBXContainerItemProxy;
			containerPortal = B60FCFCD1D460B61003DC1F8 /* Rx.xcodeproj */;
			proxyType = 2;
			remoteGlobalIDString = C83509841C38740E0027C24C;
			remoteInfo = "AllTests-tvOS";
		};
		B60FD0081D460B62003DC1F8 /* PBXContainerItemProxy */ = {
			isa = PBXContainerItemProxy;
			containerPortal = B60FCFCD1D460B61003DC1F8 /* Rx.xcodeproj */;
			proxyType = 2;
			remoteGlobalIDString = C83509941C38742C0027C24C;
			remoteInfo = "AllTests-OSX";
		};
		B60FD00A1D460B62003DC1F8 /* PBXContainerItemProxy */ = {
			isa = PBXContainerItemProxy;
			containerPortal = B60FCFCD1D460B61003DC1F8 /* Rx.xcodeproj */;
			proxyType = 2;
			remoteGlobalIDString = C85BA04B1C3878740075D68E;
			remoteInfo = PerformanceTests;
		};
		B60FD0151D460B6D003DC1F8 /* PBXContainerItemProxy */ = {
			isa = PBXContainerItemProxy;
			containerPortal = B60FD00C1D460B6D003DC1F8 /* RxDataSources.xcodeproj */;
			proxyType = 2;
			remoteGlobalIDString = C8BB76811C4C3E53002B21C8;
			remoteInfo = RxDataSources;
		};
		B60FD0171D460B6D003DC1F8 /* PBXContainerItemProxy */ = {
			isa = PBXContainerItemProxy;
			containerPortal = B60FD00C1D460B6D003DC1F8 /* RxDataSources.xcodeproj */;
			proxyType = 2;
			remoteGlobalIDString = C8984C5A1C36AF35001E4272;
			remoteInfo = "RxDataSources-iOS";
		};
		B60FD0191D460B6D003DC1F8 /* PBXContainerItemProxy */ = {
			isa = PBXContainerItemProxy;
			containerPortal = B60FD00C1D460B6D003DC1F8 /* RxDataSources.xcodeproj */;
			proxyType = 2;
			remoteGlobalIDString = 9FCDA1631C3AF49A000F5F94;
			remoteInfo = "RxDataSources-tvOS";
		};
		B60FD01B1D460B6D003DC1F8 /* PBXContainerItemProxy */ = {
			isa = PBXContainerItemProxy;
			containerPortal = B60FD00C1D460B6D003DC1F8 /* RxDataSources.xcodeproj */;
			proxyType = 2;
			remoteGlobalIDString = C8984C9B1C36B6FA001E4272;
			remoteInfo = Example;
		};
		B60FD01D1D460B6D003DC1F8 /* PBXContainerItemProxy */ = {
			isa = PBXContainerItemProxy;
			containerPortal = B60FD00C1D460B6D003DC1F8 /* RxDataSources.xcodeproj */;
			proxyType = 2;
			remoteGlobalIDString = C8984CB11C36B723001E4272;
			remoteInfo = ExampleUITests;
		};
		B60FD01F1D460B6D003DC1F8 /* PBXContainerItemProxy */ = {
			isa = PBXContainerItemProxy;
			containerPortal = B60FD00C1D460B6D003DC1F8 /* RxDataSources.xcodeproj */;
			proxyType = 2;
			remoteGlobalIDString = C8BB765B1C4C3DD4002B21C8;
			remoteInfo = "Example-Carthage";
		};
		B63FE6FF1CF85675007575DB /* PBXContainerItemProxy */ = {
			isa = PBXContainerItemProxy;
			containerPortal = B63FE6E21CF85674007575DB /* Project object */;
			proxyType = 1;
			remoteGlobalIDString = B63FE6E91CF85674007575DB;
			remoteInfo = iosReduxAsync;
		};
		B63FE70A1CF85675007575DB /* PBXContainerItemProxy */ = {
			isa = PBXContainerItemProxy;
			containerPortal = B63FE6E21CF85674007575DB /* Project object */;
			proxyType = 1;
			remoteGlobalIDString = B63FE6E91CF85674007575DB;
			remoteInfo = iosReduxAsync;
		};
/* End PBXContainerItemProxy section */

/* Begin PBXCopyFilesBuildPhase section */
		77F7A5861D46DC2000E4BD28 /* CopyFiles */ = {
			isa = PBXCopyFilesBuildPhase;
			buildActionMask = 2147483647;
			dstPath = "";
			dstSubfolderSpec = 10;
			files = (
				77F7A5871D46DC3A00E4BD28 /* RxSwift.framework in CopyFiles */,
				77F7A5881D46DC3A00E4BD28 /* RxCocoa.framework in CopyFiles */,
				77F7A5891D46DC3A00E4BD28 /* RxDataSources.framework in CopyFiles */,
			);
			runOnlyForDeploymentPostprocessing = 0;
		};
/* End PBXCopyFilesBuildPhase section */

/* Begin PBXFileReference section */
		B60FCFCB1D460776003DC1F8 /* Cartfile */ = {isa = PBXFileReference; explicitFileType = text.script.ruby; path = Cartfile; sourceTree = "<group>"; };
		B60FCFCC1D4607E5003DC1F8 /* Rakefile */ = {isa = PBXFileReference; explicitFileType = text.script.ruby; path = Rakefile; sourceTree = "<group>"; };
		B60FCFCD1D460B61003DC1F8 /* Rx.xcodeproj */ = {isa = PBXFileReference; lastKnownFileType = "wrapper.pb-project"; name = Rx.xcodeproj; path = Carthage/Checkouts/RxSwift/Rx.xcodeproj; sourceTree = "<group>"; };
		B60FD00C1D460B6D003DC1F8 /* RxDataSources.xcodeproj */ = {isa = PBXFileReference; lastKnownFileType = "wrapper.pb-project"; name = RxDataSources.xcodeproj; path = Carthage/Checkouts/RxDataSources/RxDataSources.xcodeproj; sourceTree = "<group>"; };
		B60FD0461D460D82003DC1F8 /* iosReduxAsync-Bridging-Header.h */ = {isa = PBXFileReference; lastKnownFileType = sourcecode.c.h; path = "iosReduxAsync-Bridging-Header.h"; sourceTree = "<group>"; };
		B60FD04D1D4610B5003DC1F8 /* WindowTimers.h */ = {isa = PBXFileReference; fileEncoding = 4; lastKnownFileType = sourcecode.c.h; name = WindowTimers.h; path = Carthage/Checkouts/WindowTimers/WindowTimers/WindowTimers.h; sourceTree = "<group>"; };
		B60FD04E1D4610B5003DC1F8 /* WindowTimers.m */ = {isa = PBXFileReference; fileEncoding = 4; lastKnownFileType = sourcecode.c.objc; name = WindowTimers.m; path = Carthage/Checkouts/WindowTimers/WindowTimers/WindowTimers.m; sourceTree = "<group>"; };
		B60FD0511D4610D5003DC1F8 /* XMLHTTPRequest.h */ = {isa = PBXFileReference; fileEncoding = 4; lastKnownFileType = sourcecode.c.h; name = XMLHTTPRequest.h; path = Carthage/Checkouts/XMLHTTPRequest/XMLHTTPRequest/XMLHTTPRequest.h; sourceTree = "<group>"; };
		B60FD0521D4610D5003DC1F8 /* XMLHTTPRequest.m */ = {isa = PBXFileReference; fileEncoding = 4; lastKnownFileType = sourcecode.c.objc; name = XMLHTTPRequest.m; path = Carthage/Checkouts/XMLHTTPRequest/XMLHTTPRequest/XMLHTTPRequest.m; sourceTree = "<group>"; };
		B60FD06E1D4628D7003DC1F8 /* app.js */ = {isa = PBXFileReference; fileEncoding = 4; lastKnownFileType = sourcecode.javascript; name = app.js; path = js/app.js; sourceTree = "<group>"; };
		B60FD0751D462ABB003DC1F8 /* Item.swift */ = {isa = PBXFileReference; fileEncoding = 4; lastKnownFileType = sourcecode.swift; name = Item.swift; path = models/Item.swift; sourceTree = "<group>"; };
		B60FD0761D462ABB003DC1F8 /* ItemService.swift */ = {isa = PBXFileReference; fileEncoding = 4; lastKnownFileType = sourcecode.swift; name = ItemService.swift; path = models/ItemService.swift; sourceTree = "<group>"; };
		B60FD0791D462C2E003DC1F8 /* TableViewCell.swift */ = {isa = PBXFileReference; fileEncoding = 4; lastKnownFileType = sourcecode.swift; path = TableViewCell.swift; sourceTree = "<group>"; };
		B60FD07B1D464A71003DC1F8 /* Item+RxDataSources.swift */ = {isa = PBXFileReference; fileEncoding = 4; lastKnownFileType = sourcecode.swift; path = "Item+RxDataSources.swift"; sourceTree = "<group>"; };
		B63FE6EA1CF85674007575DB /* iosReduxAsync.app */ = {isa = PBXFileReference; explicitFileType = wrapper.application; includeInIndex = 0; path = iosReduxAsync.app; sourceTree = BUILT_PRODUCTS_DIR; };
		B63FE6ED1CF85675007575DB /* AppDelegate.swift */ = {isa = PBXFileReference; lastKnownFileType = sourcecode.swift; path = AppDelegate.swift; sourceTree = "<group>"; };
		B63FE6EF1CF85675007575DB /* ViewController.swift */ = {isa = PBXFileReference; lastKnownFileType = sourcecode.swift; path = ViewController.swift; sourceTree = "<group>"; };
		B63FE6F21CF85675007575DB /* Base */ = {isa = PBXFileReference; lastKnownFileType = file.storyboard; name = Base; path = Base.lproj/Main.storyboard; sourceTree = "<group>"; };
		B63FE6F41CF85675007575DB /* Assets.xcassets */ = {isa = PBXFileReference; explicitFileType = wrapper.application; path = Assets.xcassets; sourceTree = "<group>"; };
		B63FE6F71CF85675007575DB /* Base */ = {isa = PBXFileReference; lastKnownFileType = file.storyboard; name = Base; path = Base.lproj/LaunchScreen.storyboard; sourceTree = "<group>"; };
		B63FE6F91CF85675007575DB /* Info.plist */ = {isa = PBXFileReference; lastKnownFileType = text.plist.xml; path = Info.plist; sourceTree = "<group>"; };
		B63FE6FE1CF85675007575DB /* iosReduxAsyncTests.xctest */ = {isa = PBXFileReference; explicitFileType = wrapper.cfbundle; includeInIndex = 0; path = iosReduxAsyncTests.xctest; sourceTree = BUILT_PRODUCTS_DIR; };
		B63FE7021CF85675007575DB /* iosReduxAsyncTests.swift */ = {isa = PBXFileReference; lastKnownFileType = sourcecode.swift; path = iosReduxAsyncTests.swift; sourceTree = "<group>"; };
		B63FE7041CF85675007575DB /* Info.plist */ = {isa = PBXFileReference; lastKnownFileType = text.plist.xml; path = Info.plist; sourceTree = "<group>"; };
		B63FE7091CF85675007575DB /* iosReduxAsyncUITests.xctest */ = {isa = PBXFileReference; explicitFileType = wrapper.cfbundle; includeInIndex = 0; path = iosReduxAsyncUITests.xctest; sourceTree = BUILT_PRODUCTS_DIR; };
		B63FE70D1CF85675007575DB /* iosReduxAsyncUITests.swift */ = {isa = PBXFileReference; lastKnownFileType = sourcecode.swift; path = iosReduxAsyncUITests.swift; sourceTree = "<group>"; };
		B63FE70F1CF85675007575DB /* Info.plist */ = {isa = PBXFileReference; lastKnownFileType = text.plist.xml; path = Info.plist; sourceTree = "<group>"; };
/* End PBXFileReference section */

/* Begin PBXFrameworksBuildPhase section */
		B63FE6E71CF85674007575DB /* Frameworks */ = {
			isa = PBXFrameworksBuildPhase;
			buildActionMask = 2147483647;
			files = (
				77F7A5831D46DC0A00E4BD28 /* RxCocoa.framework in Frameworks */,
				77F7A5841D46DC0A00E4BD28 /* RxDataSources.framework in Frameworks */,
				77F7A5851D46DC0A00E4BD28 /* RxSwift.framework in Frameworks */,
			);
			runOnlyForDeploymentPostprocessing = 0;
		};
		B63FE6FB1CF85675007575DB /* Frameworks */ = {
			isa = PBXFrameworksBuildPhase;
			buildActionMask = 2147483647;
			files = (
			);
			runOnlyForDeploymentPostprocessing = 0;
		};
		B63FE7061CF85675007575DB /* Frameworks */ = {
			isa = PBXFrameworksBuildPhase;
			buildActionMask = 2147483647;
			files = (
			);
			runOnlyForDeploymentPostprocessing = 0;
		};
/* End PBXFrameworksBuildPhase section */

/* Begin PBXGroup section */
		B60FCFCE1D460B61003DC1F8 /* Products */ = {
			isa = PBXGroup;
			children = (
				B60FCFE51D460B62003DC1F8 /* RxSwift.framework */,
				B60FCFE71D460B62003DC1F8 /* RxSwift.framework */,
				B60FCFE91D460B62003DC1F8 /* RxSwift.framework */,
				B60FCFEB1D460B62003DC1F8 /* RxSwift.framework */,
				B60FCFED1D460B62003DC1F8 /* RxCocoa.framework */,
				B60FCFEF1D460B62003DC1F8 /* RxCocoa.framework */,
				B60FCFF11D460B62003DC1F8 /* RxCocoa.framework */,
				B60FCFF31D460B62003DC1F8 /* RxCocoa.framework */,
				B60FCFF51D460B62003DC1F8 /* RxBlocking.framework */,
				B60FCFF71D460B62003DC1F8 /* RxBlocking.framework */,
				B60FCFF91D460B62003DC1F8 /* RxBlocking.framework */,
				B60FCFFB1D460B62003DC1F8 /* RxBlocking.framework */,
				B60FCFFD1D460B62003DC1F8 /* RxTests.framework */,
				B60FCFFF1D460B62003DC1F8 /* RxTests.framework */,
				B60FD0011D460B62003DC1F8 /* RxTests.framework */,
				B60FD0031D460B62003DC1F8 /* RxTests.framework */,
				B60FD0051D460B62003DC1F8 /* AllTests-iOS.xctest */,
				B60FD0071D460B62003DC1F8 /* AllTests-tvOS.xctest */,
				B60FD0091D460B62003DC1F8 /* AllTests-OSX.xctest */,
				B60FD00B1D460B62003DC1F8 /* PerformanceTests.app */,
			);
			name = Products;
			sourceTree = "<group>";
		};
		B60FD00D1D460B6D003DC1F8 /* Products */ = {
			isa = PBXGroup;
			children = (
				B60FD0161D460B6D003DC1F8 /* RxDataSources.framework */,
				B60FD0181D460B6D003DC1F8 /* RxDataSources.framework */,
				B60FD01A1D460B6D003DC1F8 /* RxDataSources.framework */,
				B60FD01C1D460B6D003DC1F8 /* Example.app */,
				B60FD01E1D460B6D003DC1F8 /* ExampleUITests.xctest */,
				B60FD0201D460B6D003DC1F8 /* Example-Carthage.app */,
			);
			name = Products;
			sourceTree = "<group>";
		};
		B60FD04C1D4610A9003DC1F8 /* WindowTimers */ = {
			isa = PBXGroup;
			children = (
				B60FD04D1D4610B5003DC1F8 /* WindowTimers.h */,
				B60FD04E1D4610B5003DC1F8 /* WindowTimers.m */,
			);
			name = WindowTimers;
			sourceTree = "<group>";
		};
		B60FD0501D4610CD003DC1F8 /* XMLHTTPRequest */ = {
			isa = PBXGroup;
			children = (
				B60FD0511D4610D5003DC1F8 /* XMLHTTPRequest.h */,
				B60FD0521D4610D5003DC1F8 /* XMLHTTPRequest.m */,
			);
			name = XMLHTTPRequest;
			sourceTree = "<group>";
		};
		B60FD06D1D46287C003DC1F8 /* js */ = {
			isa = PBXGroup;
			children = (
				B60FD06E1D4628D7003DC1F8 /* app.js */,
			);
			name = js;
			sourceTree = "<group>";
		};
		B60FD0701D462A95003DC1F8 /* models */ = {
			isa = PBXGroup;
			children = (
				B60FD0751D462ABB003DC1F8 /* Item.swift */,
				B60FD07B1D464A71003DC1F8 /* Item+RxDataSources.swift */,
				B60FD0761D462ABB003DC1F8 /* ItemService.swift */,
			);
			name = models;
			sourceTree = "<group>";
		};
		B63FE6E11CF85674007575DB = {
			isa = PBXGroup;
			children = (
				B60FCFCC1D4607E5003DC1F8 /* Rakefile */,
				B60FCFCB1D460776003DC1F8 /* Cartfile */,
				B63FE7281CF86448007575DB /* Frameworks */,
				B63FE6EC1CF85674007575DB /* iosReduxAsync */,
				B63FE7011CF85675007575DB /* iosReduxAsyncTests */,
				B63FE70C1CF85675007575DB /* iosReduxAsyncUITests */,
				B63FE6EB1CF85674007575DB /* Products */,
			);
			sourceTree = "<group>";
		};
		B63FE6EB1CF85674007575DB /* Products */ = {
			isa = PBXGroup;
			children = (
				B63FE6EA1CF85674007575DB /* iosReduxAsync.app */,
				B63FE6FE1CF85675007575DB /* iosReduxAsyncTests.xctest */,
				B63FE7091CF85675007575DB /* iosReduxAsyncUITests.xctest */,
			);
			name = Products;
			sourceTree = "<group>";
		};
		B63FE6EC1CF85674007575DB /* iosReduxAsync */ = {
			isa = PBXGroup;
			children = (
				B60FD0701D462A95003DC1F8 /* models */,
				B60FD06D1D46287C003DC1F8 /* js */,
				B63FE6ED1CF85675007575DB /* AppDelegate.swift */,
				B63FE6EF1CF85675007575DB /* ViewController.swift */,
				B60FD0791D462C2E003DC1F8 /* TableViewCell.swift */,
				B63FE6F11CF85675007575DB /* Main.storyboard */,
				B63FE6F41CF85675007575DB /* Assets.xcassets */,
				B63FE6F61CF85675007575DB /* LaunchScreen.storyboard */,
				B63FE6F91CF85675007575DB /* Info.plist */,
				B60FD0461D460D82003DC1F8 /* iosReduxAsync-Bridging-Header.h */,
			);
			path = iosReduxAsync;
			sourceTree = "<group>";
		};
		B63FE7011CF85675007575DB /* iosReduxAsyncTests */ = {
			isa = PBXGroup;
			children = (
				B63FE7021CF85675007575DB /* iosReduxAsyncTests.swift */,
				B63FE7041CF85675007575DB /* Info.plist */,
			);
			path = iosReduxAsyncTests;
			sourceTree = "<group>";
		};
		B63FE70C1CF85675007575DB /* iosReduxAsyncUITests */ = {
			isa = PBXGroup;
			children = (
				B63FE70D1CF85675007575DB /* iosReduxAsyncUITests.swift */,
				B63FE70F1CF85675007575DB /* Info.plist */,
			);
			path = iosReduxAsyncUITests;
			sourceTree = "<group>";
		};
		B63FE7281CF86448007575DB /* Frameworks */ = {
			isa = PBXGroup;
			children = (
				B60FD0501D4610CD003DC1F8 /* XMLHTTPRequest */,
				B60FD04C1D4610A9003DC1F8 /* WindowTimers */,
				B60FCFCD1D460B61003DC1F8 /* Rx.xcodeproj */,
				B60FD00C1D460B6D003DC1F8 /* RxDataSources.xcodeproj */,
			);
			name = Frameworks;
			sourceTree = "<group>";
		};
/* End PBXGroup section */

/* Begin PBXNativeTarget section */
		B63FE6E91CF85674007575DB /* iosReduxAsync */ = {
			isa = PBXNativeTarget;
			buildConfigurationList = B63FE7121CF85675007575DB /* Build configuration list for PBXNativeTarget "iosReduxAsync" */;
			buildPhases = (
				B63FE6E61CF85674007575DB /* Sources */,
				B63FE6E71CF85674007575DB /* Frameworks */,
				B63FE6E81CF85674007575DB /* Resources */,
				77F7A5861D46DC2000E4BD28 /* CopyFiles */,
			);
			buildRules = (
			);
			dependencies = (
				77F7A5791D46DBD300E4BD28 /* PBXTargetDependency */,
				77F7A57D1D46DBD300E4BD28 /* PBXTargetDependency */,
				77F7A5811D46DBD400E4BD28 /* PBXTargetDependency */,
			);
			name = iosReduxAsync;
			productName = iosReduxAsync;
			productReference = B63FE6EA1CF85674007575DB /* iosReduxAsync.app */;
			productType = "com.apple.product-type.application";
		};
		B63FE6FD1CF85675007575DB /* iosReduxAsyncTests */ = {
			isa = PBXNativeTarget;
			buildConfigurationList = B63FE7151CF85675007575DB /* Build configuration list for PBXNativeTarget "iosReduxAsyncTests" */;
			buildPhases = (
				B63FE6FA1CF85675007575DB /* Sources */,
				B63FE6FB1CF85675007575DB /* Frameworks */,
				B63FE6FC1CF85675007575DB /* Resources */,
			);
			buildRules = (
			);
			dependencies = (
				B63FE7001CF85675007575DB /* PBXTargetDependency */,
			);
			name = iosReduxAsyncTests;
			productName = iosReduxAsyncTests;
			productReference = B63FE6FE1CF85675007575DB /* iosReduxAsyncTests.xctest */;
			productType = "com.apple.product-type.bundle.unit-test";
		};
		B63FE7081CF85675007575DB /* iosReduxAsyncUITests */ = {
			isa = PBXNativeTarget;
			buildConfigurationList = B63FE7181CF85675007575DB /* Build configuration list for PBXNativeTarget "iosReduxAsyncUITests" */;
			buildPhases = (
				B63FE7051CF85675007575DB /* Sources */,
				B63FE7061CF85675007575DB /* Frameworks */,
				B63FE7071CF85675007575DB /* Resources */,
			);
			buildRules = (
			);
			dependencies = (
				B63FE70B1CF85675007575DB /* PBXTargetDependency */,
			);
			name = iosReduxAsyncUITests;
			productName = iosReduxAsyncUITests;
			productReference = B63FE7091CF85675007575DB /* iosReduxAsyncUITests.xctest */;
			productType = "com.apple.product-type.bundle.ui-testing";
		};
/* End PBXNativeTarget section */

/* Begin PBXProject section */
		B63FE6E21CF85674007575DB /* Project object */ = {
			isa = PBXProject;
			attributes = {
				LastSwiftUpdateCheck = 0730;
				LastUpgradeCheck = 0730;
				ORGANIZATIONNAME = Freeman;
				TargetAttributes = {
					B63FE6E91CF85674007575DB = {
						CreatedOnToolsVersion = 7.3.1;
						DevelopmentTeam = Q8VLLXZ9J7;
					};
					B63FE6FD1CF85675007575DB = {
						CreatedOnToolsVersion = 7.3.1;
						TestTargetID = B63FE6E91CF85674007575DB;
					};
					B63FE7081CF85675007575DB = {
						CreatedOnToolsVersion = 7.3.1;
						TestTargetID = B63FE6E91CF85674007575DB;
					};
				};
			};
			buildConfigurationList = B63FE6E51CF85674007575DB /* Build configuration list for PBXProject "iosReduxAsync" */;
			compatibilityVersion = "Xcode 3.2";
			developmentRegion = English;
			hasScannedForEncodings = 0;
			knownRegions = (
				en,
				Base,
			);
			mainGroup = B63FE6E11CF85674007575DB;
			productRefGroup = B63FE6EB1CF85674007575DB /* Products */;
			projectDirPath = "";
			projectReferences = (
				{
					ProductGroup = B60FCFCE1D460B61003DC1F8 /* Products */;
					ProjectRef = B60FCFCD1D460B61003DC1F8 /* Rx.xcodeproj */;
				},
				{
					ProductGroup = B60FD00D1D460B6D003DC1F8 /* Products */;
					ProjectRef = B60FD00C1D460B6D003DC1F8 /* RxDataSources.xcodeproj */;
				},
			);
			projectRoot = "";
			targets = (
				B63FE6E91CF85674007575DB /* iosReduxAsync */,
				B63FE6FD1CF85675007575DB /* iosReduxAsyncTests */,
				B63FE7081CF85675007575DB /* iosReduxAsyncUITests */,
			);
		};
/* End PBXProject section */

/* Begin PBXReferenceProxy section */
		B60FCFE51D460B62003DC1F8 /* RxSwift.framework */ = {
			isa = PBXReferenceProxy;
			fileType = wrapper.framework;
			path = RxSwift.framework;
			remoteRef = B60FCFE41D460B62003DC1F8 /* PBXContainerItemProxy */;
			sourceTree = BUILT_PRODUCTS_DIR;
		};
		B60FCFE71D460B62003DC1F8 /* RxSwift.framework */ = {
			isa = PBXReferenceProxy;
			fileType = wrapper.framework;
			path = RxSwift.framework;
			remoteRef = B60FCFE61D460B62003DC1F8 /* PBXContainerItemProxy */;
			sourceTree = BUILT_PRODUCTS_DIR;
		};
		B60FCFE91D460B62003DC1F8 /* RxSwift.framework */ = {
			isa = PBXReferenceProxy;
			fileType = wrapper.framework;
			path = RxSwift.framework;
			remoteRef = B60FCFE81D460B62003DC1F8 /* PBXContainerItemProxy */;
			sourceTree = BUILT_PRODUCTS_DIR;
		};
		B60FCFEB1D460B62003DC1F8 /* RxSwift.framework */ = {
			isa = PBXReferenceProxy;
			fileType = wrapper.framework;
			path = RxSwift.framework;
			remoteRef = B60FCFEA1D460B62003DC1F8 /* PBXContainerItemProxy */;
			sourceTree = BUILT_PRODUCTS_DIR;
		};
		B60FCFED1D460B62003DC1F8 /* RxCocoa.framework */ = {
			isa = PBXReferenceProxy;
			fileType = wrapper.framework;
			path = RxCocoa.framework;
			remoteRef = B60FCFEC1D460B62003DC1F8 /* PBXContainerItemProxy */;
			sourceTree = BUILT_PRODUCTS_DIR;
		};
		B60FCFEF1D460B62003DC1F8 /* RxCocoa.framework */ = {
			isa = PBXReferenceProxy;
			fileType = wrapper.framework;
			path = RxCocoa.framework;
			remoteRef = B60FCFEE1D460B62003DC1F8 /* PBXContainerItemProxy */;
			sourceTree = BUILT_PRODUCTS_DIR;
		};
		B60FCFF11D460B62003DC1F8 /* RxCocoa.framework */ = {
			isa = PBXReferenceProxy;
			fileType = wrapper.framework;
			path = RxCocoa.framework;
			remoteRef = B60FCFF01D460B62003DC1F8 /* PBXContainerItemProxy */;
			sourceTree = BUILT_PRODUCTS_DIR;
		};
		B60FCFF31D460B62003DC1F8 /* RxCocoa.framework */ = {
			isa = PBXReferenceProxy;
			fileType = wrapper.framework;
			path = RxCocoa.framework;
			remoteRef = B60FCFF21D460B62003DC1F8 /* PBXContainerItemProxy */;
			sourceTree = BUILT_PRODUCTS_DIR;
		};
		B60FCFF51D460B62003DC1F8 /* RxBlocking.framework */ = {
			isa = PBXReferenceProxy;
			fileType = wrapper.framework;
			path = RxBlocking.framework;
			remoteRef = B60FCFF41D460B62003DC1F8 /* PBXContainerItemProxy */;
			sourceTree = BUILT_PRODUCTS_DIR;
		};
		B60FCFF71D460B62003DC1F8 /* RxBlocking.framework */ = {
			isa = PBXReferenceProxy;
			fileType = wrapper.framework;
			path = RxBlocking.framework;
			remoteRef = B60FCFF61D460B62003DC1F8 /* PBXContainerItemProxy */;
			sourceTree = BUILT_PRODUCTS_DIR;
		};
		B60FCFF91D460B62003DC1F8 /* RxBlocking.framework */ = {
			isa = PBXReferenceProxy;
			fileType = wrapper.framework;
			path = RxBlocking.framework;
			remoteRef = B60FCFF81D460B62003DC1F8 /* PBXContainerItemProxy */;
			sourceTree = BUILT_PRODUCTS_DIR;
		};
		B60FCFFB1D460B62003DC1F8 /* RxBlocking.framework */ = {
			isa = PBXReferenceProxy;
			fileType = wrapper.framework;
			path = RxBlocking.framework;
			remoteRef = B60FCFFA1D460B62003DC1F8 /* PBXContainerItemProxy */;
			sourceTree = BUILT_PRODUCTS_DIR;
		};
		B60FCFFD1D460B62003DC1F8 /* RxTests.framework */ = {
			isa = PBXReferenceProxy;
			fileType = wrapper.framework;
			path = RxTests.framework;
			remoteRef = B60FCFFC1D460B62003DC1F8 /* PBXContainerItemProxy */;
			sourceTree = BUILT_PRODUCTS_DIR;
		};
		B60FCFFF1D460B62003DC1F8 /* RxTests.framework */ = {
			isa = PBXReferenceProxy;
			fileType = wrapper.framework;
			path = RxTests.framework;
			remoteRef = B60FCFFE1D460B62003DC1F8 /* PBXContainerItemProxy */;
			sourceTree = BUILT_PRODUCTS_DIR;
		};
		B60FD0011D460B62003DC1F8 /* RxTests.framework */ = {
			isa = PBXReferenceProxy;
			fileType = wrapper.framework;
			path = RxTests.framework;
			remoteRef = B60FD0001D460B62003DC1F8 /* PBXContainerItemProxy */;
			sourceTree = BUILT_PRODUCTS_DIR;
		};
		B60FD0031D460B62003DC1F8 /* RxTests.framework */ = {
			isa = PBXReferenceProxy;
			fileType = wrapper.framework;
			path = RxTests.framework;
			remoteRef = B60FD0021D460B62003DC1F8 /* PBXContainerItemProxy */;
			sourceTree = BUILT_PRODUCTS_DIR;
		};
		B60FD0051D460B62003DC1F8 /* AllTests-iOS.xctest */ = {
			isa = PBXReferenceProxy;
			fileType = wrapper.cfbundle;
			path = "AllTests-iOS.xctest";
			remoteRef = B60FD0041D460B62003DC1F8 /* PBXContainerItemProxy */;
			sourceTree = BUILT_PRODUCTS_DIR;
		};
		B60FD0071D460B62003DC1F8 /* AllTests-tvOS.xctest */ = {
			isa = PBXReferenceProxy;
			fileType = wrapper.cfbundle;
			path = "AllTests-tvOS.xctest";
			remoteRef = B60FD0061D460B62003DC1F8 /* PBXContainerItemProxy */;
			sourceTree = BUILT_PRODUCTS_DIR;
		};
		B60FD0091D460B62003DC1F8 /* AllTests-OSX.xctest */ = {
			isa = PBXReferenceProxy;
			fileType = wrapper.cfbundle;
			path = "AllTests-OSX.xctest";
			remoteRef = B60FD0081D460B62003DC1F8 /* PBXContainerItemProxy */;
			sourceTree = BUILT_PRODUCTS_DIR;
		};
		B60FD00B1D460B62003DC1F8 /* PerformanceTests.app */ = {
			isa = PBXReferenceProxy;
			fileType = wrapper.application;
			path = PerformanceTests.app;
			remoteRef = B60FD00A1D460B62003DC1F8 /* PBXContainerItemProxy */;
			sourceTree = BUILT_PRODUCTS_DIR;
		};
		B60FD0161D460B6D003DC1F8 /* RxDataSources.framework */ = {
			isa = PBXReferenceProxy;
			fileType = wrapper.framework;
			path = RxDataSources.framework;
			remoteRef = B60FD0151D460B6D003DC1F8 /* PBXContainerItemProxy */;
			sourceTree = BUILT_PRODUCTS_DIR;
		};
		B60FD0181D460B6D003DC1F8 /* RxDataSources.framework */ = {
			isa = PBXReferenceProxy;
			fileType = wrapper.framework;
			path = RxDataSources.framework;
			remoteRef = B60FD0171D460B6D003DC1F8 /* PBXContainerItemProxy */;
			sourceTree = BUILT_PRODUCTS_DIR;
		};
		B60FD01A1D460B6D003DC1F8 /* RxDataSources.framework */ = {
			isa = PBXReferenceProxy;
			fileType = wrapper.framework;
			path = RxDataSources.framework;
			remoteRef = B60FD0191D460B6D003DC1F8 /* PBXContainerItemProxy */;
			sourceTree = BUILT_PRODUCTS_DIR;
		};
		B60FD01C1D460B6D003DC1F8 /* Example.app */ = {
			isa = PBXReferenceProxy;
			fileType = wrapper.application;
			path = Example.app;
			remoteRef = B60FD01B1D460B6D003DC1F8 /* PBXContainerItemProxy */;
			sourceTree = BUILT_PRODUCTS_DIR;
		};
		B60FD01E1D460B6D003DC1F8 /* ExampleUITests.xctest */ = {
			isa = PBXReferenceProxy;
			fileType = wrapper.cfbundle;
			path = ExampleUITests.xctest;
			remoteRef = B60FD01D1D460B6D003DC1F8 /* PBXContainerItemProxy */;
			sourceTree = BUILT_PRODUCTS_DIR;
		};
		B60FD0201D460B6D003DC1F8 /* Example-Carthage.app */ = {
			isa = PBXReferenceProxy;
			fileType = wrapper.application;
			path = "Example-Carthage.app";
			remoteRef = B60FD01F1D460B6D003DC1F8 /* PBXContainerItemProxy */;
			sourceTree = BUILT_PRODUCTS_DIR;
		};
/* End PBXReferenceProxy section */

/* Begin PBXResourcesBuildPhase section */
		B63FE6E81CF85674007575DB /* Resources */ = {
			isa = PBXResourcesBuildPhase;
			buildActionMask = 2147483647;
			files = (
				B63FE6F81CF85675007575DB /* LaunchScreen.storyboard in Resources */,
				B63FE6F51CF85675007575DB /* Assets.xcassets in Resources */,
				B60FD06F1D4628D7003DC1F8 /* app.js in Resources */,
				B63FE6F31CF85675007575DB /* Main.storyboard in Resources */,
			);
			runOnlyForDeploymentPostprocessing = 0;
		};
		B63FE6FC1CF85675007575DB /* Resources */ = {
			isa = PBXResourcesBuildPhase;
			buildActionMask = 2147483647;
			files = (
			);
			runOnlyForDeploymentPostprocessing = 0;
		};
		B63FE7071CF85675007575DB /* Resources */ = {
			isa = PBXResourcesBuildPhase;
			buildActionMask = 2147483647;
			files = (
			);
			runOnlyForDeploymentPostprocessing = 0;
		};
/* End PBXResourcesBuildPhase section */

/* Begin PBXSourcesBuildPhase section */
		B63FE6E61CF85674007575DB /* Sources */ = {
			isa = PBXSourcesBuildPhase;
			buildActionMask = 2147483647;
			files = (
				B60FD04F1D4610B5003DC1F8 /* WindowTimers.m in Sources */,
				B60FD07C1D464A71003DC1F8 /* Item+RxDataSources.swift in Sources */,
				B60FD0531D4610D5003DC1F8 /* XMLHTTPRequest.m in Sources */,
				B60FD0781D462ABB003DC1F8 /* ItemService.swift in Sources */,
				B60FD0771D462ABB003DC1F8 /* Item.swift in Sources */,
				B63FE6F01CF85675007575DB /* ViewController.swift in Sources */,
				B60FD07A1D462C2E003DC1F8 /* TableViewCell.swift in Sources */,
				B63FE6EE1CF85675007575DB /* AppDelegate.swift in Sources */,
			);
			runOnlyForDeploymentPostprocessing = 0;
		};
		B63FE6FA1CF85675007575DB /* Sources */ = {
			isa = PBXSourcesBuildPhase;
			buildActionMask = 2147483647;
			files = (
				B63FE7031CF85675007575DB /* iosReduxAsyncTests.swift in Sources */,
			);
			runOnlyForDeploymentPostprocessing = 0;
		};
		B63FE7051CF85675007575DB /* Sources */ = {
			isa = PBXSourcesBuildPhase;
			buildActionMask = 2147483647;
			files = (
				B63FE70E1CF85675007575DB /* iosReduxAsyncUITests.swift in Sources */,
			);
			runOnlyForDeploymentPostprocessing = 0;
		};
/* End PBXSourcesBuildPhase section */

/* Begin PBXTargetDependency section */
		77F7A5791D46DBD300E4BD28 /* PBXTargetDependency */ = {
			isa = PBXTargetDependency;
			name = "RxSwift-iOS";
			targetProxy = 77F7A5781D46DBD300E4BD28 /* PBXContainerItemProxy */;
		};
		77F7A57D1D46DBD300E4BD28 /* PBXTargetDependency */ = {
			isa = PBXTargetDependency;
			name = "RxCocoa-iOS";
			targetProxy = 77F7A57C1D46DBD300E4BD28 /* PBXContainerItemProxy */;
		};
		77F7A5811D46DBD400E4BD28 /* PBXTargetDependency */ = {
			isa = PBXTargetDependency;
			name = "RxDataSources-iOS";
			targetProxy = 77F7A5801D46DBD400E4BD28 /* PBXContainerItemProxy */;
		};
		B63FE7001CF85675007575DB /* PBXTargetDependency */ = {
			isa = PBXTargetDependency;
			target = B63FE6E91CF85674007575DB /* iosReduxAsync */;
			targetProxy = B63FE6FF1CF85675007575DB /* PBXContainerItemProxy */;
		};
		B63FE70B1CF85675007575DB /* PBXTargetDependency */ = {
			isa = PBXTargetDependency;
			target = B63FE6E91CF85674007575DB /* iosReduxAsync */;
			targetProxy = B63FE70A1CF85675007575DB /* PBXContainerItemProxy */;
		};
/* End PBXTargetDependency section */

/* Begin PBXVariantGroup section */
		B63FE6F11CF85675007575DB /* Main.storyboard */ = {
			isa = PBXVariantGroup;
			children = (
				B63FE6F21CF85675007575DB /* Base */,
			);
			name = Main.storyboard;
			sourceTree = "<group>";
		};
		B63FE6F61CF85675007575DB /* LaunchScreen.storyboard */ = {
			isa = PBXVariantGroup;
			children = (
				B63FE6F71CF85675007575DB /* Base */,
			);
			name = LaunchScreen.storyboard;
			sourceTree = "<group>";
		};
/* End PBXVariantGroup section */

/* Begin XCBuildConfiguration section */
		B63FE7101CF85675007575DB /* Debug */ = {
			isa = XCBuildConfiguration;
			buildSettings = {
				ALWAYS_SEARCH_USER_PATHS = NO;
				CLANG_ANALYZER_NONNULL = YES;
				CLANG_CXX_LANGUAGE_STANDARD = "gnu++0x";
				CLANG_CXX_LIBRARY = "libc++";
				CLANG_ENABLE_MODULES = YES;
				CLANG_ENABLE_OBJC_ARC = YES;
				CLANG_WARN_BOOL_CONVERSION = YES;
				CLANG_WARN_CONSTANT_CONVERSION = YES;
				CLANG_WARN_DIRECT_OBJC_ISA_USAGE = YES_ERROR;
				CLANG_WARN_EMPTY_BODY = YES;
				CLANG_WARN_ENUM_CONVERSION = YES;
				CLANG_WARN_INT_CONVERSION = YES;
				CLANG_WARN_OBJC_ROOT_CLASS = YES_ERROR;
				CLANG_WARN_UNREACHABLE_CODE = YES;
				CLANG_WARN__DUPLICATE_METHOD_MATCH = YES;
				"CODE_SIGN_IDENTITY[sdk=iphoneos*]" = "iPhone Developer";
				COPY_PHASE_STRIP = NO;
				DEBUG_INFORMATION_FORMAT = dwarf;
				ENABLE_STRICT_OBJC_MSGSEND = YES;
				ENABLE_TESTABILITY = YES;
				GCC_C_LANGUAGE_STANDARD = gnu99;
				GCC_DYNAMIC_NO_PIC = NO;
				GCC_NO_COMMON_BLOCKS = YES;
				GCC_OPTIMIZATION_LEVEL = 0;
				GCC_PREPROCESSOR_DEFINITIONS = (
					"DEBUG=1",
					"$(inherited)",
				);
				GCC_WARN_64_TO_32_BIT_CONVERSION = YES;
				GCC_WARN_ABOUT_RETURN_TYPE = YES_ERROR;
				GCC_WARN_UNDECLARED_SELECTOR = YES;
				GCC_WARN_UNINITIALIZED_AUTOS = YES_AGGRESSIVE;
				GCC_WARN_UNUSED_FUNCTION = YES;
				GCC_WARN_UNUSED_VARIABLE = YES;
				IPHONEOS_DEPLOYMENT_TARGET = 8.0;
				MTL_ENABLE_DEBUG_INFO = YES;
				ONLY_ACTIVE_ARCH = YES;
				SDKROOT = iphoneos;
				SWIFT_OPTIMIZATION_LEVEL = "-Onone";
				TARGETED_DEVICE_FAMILY = "1,2";
				USER_HEADER_SEARCH_PATHS = "$(PROJECT_DIR)/Carthage/Checkouts/**";
			};
			name = Debug;
		};
		B63FE7111CF85675007575DB /* Release */ = {
			isa = XCBuildConfiguration;
			buildSettings = {
				ALWAYS_SEARCH_USER_PATHS = NO;
				CLANG_ANALYZER_NONNULL = YES;
				CLANG_CXX_LANGUAGE_STANDARD = "gnu++0x";
				CLANG_CXX_LIBRARY = "libc++";
				CLANG_ENABLE_MODULES = YES;
				CLANG_ENABLE_OBJC_ARC = YES;
				CLANG_WARN_BOOL_CONVERSION = YES;
				CLANG_WARN_CONSTANT_CONVERSION = YES;
				CLANG_WARN_DIRECT_OBJC_ISA_USAGE = YES_ERROR;
				CLANG_WARN_EMPTY_BODY = YES;
				CLANG_WARN_ENUM_CONVERSION = YES;
				CLANG_WARN_INT_CONVERSION = YES;
				CLANG_WARN_OBJC_ROOT_CLASS = YES_ERROR;
				CLANG_WARN_UNREACHABLE_CODE = YES;
				CLANG_WARN__DUPLICATE_METHOD_MATCH = YES;
				"CODE_SIGN_IDENTITY[sdk=iphoneos*]" = "iPhone Developer";
				COPY_PHASE_STRIP = NO;
				DEBUG_INFORMATION_FORMAT = "dwarf-with-dsym";
				ENABLE_NS_ASSERTIONS = NO;
				ENABLE_STRICT_OBJC_MSGSEND = YES;
				GCC_C_LANGUAGE_STANDARD = gnu99;
				GCC_NO_COMMON_BLOCKS = YES;
				GCC_WARN_64_TO_32_BIT_CONVERSION = YES;
				GCC_WARN_ABOUT_RETURN_TYPE = YES_ERROR;
				GCC_WARN_UNDECLARED_SELECTOR = YES;
				GCC_WARN_UNINITIALIZED_AUTOS = YES_AGGRESSIVE;
				GCC_WARN_UNUSED_FUNCTION = YES;
				GCC_WARN_UNUSED_VARIABLE = YES;
				IPHONEOS_DEPLOYMENT_TARGET = 8.0;
				MTL_ENABLE_DEBUG_INFO = NO;
				SDKROOT = iphoneos;
				TARGETED_DEVICE_FAMILY = "1,2";
				USER_HEADER_SEARCH_PATHS = "$(PROJECT_DIR)/Carthage/Checkouts/**";
				VALIDATE_PRODUCT = YES;
			};
			name = Release;
		};
		B63FE7131CF85675007575DB /* Debug */ = {
			isa = XCBuildConfiguration;
			buildSettings = {
				ASSETCATALOG_COMPILER_APPICON_NAME = AppIcon;
				CLANG_ENABLE_MODULES = YES;
				CODE_SIGN_IDENTITY = "iPhone Developer";
				FRAMEWORK_SEARCH_PATHS = (
					"$(inherited)",
					"$(PROJECT_DIR)/Carthage/Build/iOS",
				);
				INFOPLIST_FILE = iosReduxAsync/Info.plist;
				IPHONEOS_DEPLOYMENT_TARGET = 8.0;
				LD_RUNPATH_SEARCH_PATHS = "$(inherited) @executable_path/Frameworks";
				PRODUCT_BUNDLE_IDENTIFIER = com.ycfreeman.iosReduxAsync;
				PRODUCT_NAME = "$(TARGET_NAME)";
				SWIFT_OBJC_BRIDGING_HEADER = "iosReduxAsync/iosReduxAsync-Bridging-Header.h";
				SWIFT_OPTIMIZATION_LEVEL = "-Onone";
				TARGETED_DEVICE_FAMILY = 1;
			};
			name = Debug;
		};
		B63FE7141CF85675007575DB /* Release */ = {
			isa = XCBuildConfiguration;
			buildSettings = {
				ASSETCATALOG_COMPILER_APPICON_NAME = AppIcon;
				CLANG_ENABLE_MODULES = YES;
				CODE_SIGN_IDENTITY = "iPhone Developer";
				FRAMEWORK_SEARCH_PATHS = (
					"$(inherited)",
					"$(PROJECT_DIR)/Carthage/Build/iOS",
				);
				INFOPLIST_FILE = iosReduxAsync/Info.plist;
				IPHONEOS_DEPLOYMENT_TARGET = 8.0;
				LD_RUNPATH_SEARCH_PATHS = "$(inherited) @executable_path/Frameworks";
				PRODUCT_BUNDLE_IDENTIFIER = com.ycfreeman.iosReduxAsync;
				PRODUCT_NAME = "$(TARGET_NAME)";
				SWIFT_OBJC_BRIDGING_HEADER = "iosReduxAsync/iosReduxAsync-Bridging-Header.h";
				TARGETED_DEVICE_FAMILY = 1;
			};
			name = Release;
		};
		B63FE7161CF85675007575DB /* Debug */ = {
			isa = XCBuildConfiguration;
			buildSettings = {
				BUNDLE_LOADER = "$(TEST_HOST)";
				INFOPLIST_FILE = iosReduxAsyncTests/Info.plist;
				LD_RUNPATH_SEARCH_PATHS = "$(inherited) @executable_path/Frameworks @loader_path/Frameworks";
				PRODUCT_BUNDLE_IDENTIFIER = com.ycfreeman.iosReduxAsyncTests;
				PRODUCT_NAME = "$(TARGET_NAME)";
				TEST_HOST = "$(BUILT_PRODUCTS_DIR)/iosReduxAsync.app/iosReduxAsync";
			};
			name = Debug;
		};
		B63FE7171CF85675007575DB /* Release */ = {
			isa = XCBuildConfiguration;
			buildSettings = {
				BUNDLE_LOADER = "$(TEST_HOST)";
				INFOPLIST_FILE = iosReduxAsyncTests/Info.plist;
				LD_RUNPATH_SEARCH_PATHS = "$(inherited) @executable_path/Frameworks @loader_path/Frameworks";
				PRODUCT_BUNDLE_IDENTIFIER = com.ycfreeman.iosReduxAsyncTests;
				PRODUCT_NAME = "$(TARGET_NAME)";
				TEST_HOST = "$(BUILT_PRODUCTS_DIR)/iosReduxAsync.app/iosReduxAsync";
			};
			name = Release;
		};
		B63FE7191CF85675007575DB /* Debug */ = {
			isa = XCBuildConfiguration;
			buildSettings = {
				INFOPLIST_FILE = iosReduxAsyncUITests/Info.plist;
				LD_RUNPATH_SEARCH_PATHS = "$(inherited) @executable_path/Frameworks @loader_path/Frameworks";
				PRODUCT_BUNDLE_IDENTIFIER = com.ycfreeman.iosReduxAsyncUITests;
				PRODUCT_NAME = "$(TARGET_NAME)";
				TEST_TARGET_NAME = iosReduxAsync;
			};
			name = Debug;
		};
		B63FE71A1CF85675007575DB /* Release */ = {
			isa = XCBuildConfiguration;
			buildSettings = {
				INFOPLIST_FILE = iosReduxAsyncUITests/Info.plist;
				LD_RUNPATH_SEARCH_PATHS = "$(inherited) @executable_path/Frameworks @loader_path/Frameworks";
				PRODUCT_BUNDLE_IDENTIFIER = com.ycfreeman.iosReduxAsyncUITests;
				PRODUCT_NAME = "$(TARGET_NAME)";
				TEST_TARGET_NAME = iosReduxAsync;
			};
			name = Release;
		};
/* End XCBuildConfiguration section */

/* Begin XCConfigurationList section */
		B63FE6E51CF85674007575DB /* Build configuration list for PBXProject "iosReduxAsync" */ = {
			isa = XCConfigurationList;
			buildConfigurations = (
				B63FE7101CF85675007575DB /* Debug */,
				B63FE7111CF85675007575DB /* Release */,
			);
			defaultConfigurationIsVisible = 0;
			defaultConfigurationName = Release;
		};
		B63FE7121CF85675007575DB /* Build configuration list for PBXNativeTarget "iosReduxAsync" */ = {
			isa = XCConfigurationList;
			buildConfigurations = (
				B63FE7131CF85675007575DB /* Debug */,
				B63FE7141CF85675007575DB /* Release */,
			);
			defaultConfigurationIsVisible = 0;
			defaultConfigurationName = Release;
		};
		B63FE7151CF85675007575DB /* Build configuration list for PBXNativeTarget "iosReduxAsyncTests" */ = {
			isa = XCConfigurationList;
			buildConfigurations = (
				B63FE7161CF85675007575DB /* Debug */,
				B63FE7171CF85675007575DB /* Release */,
			);
			defaultConfigurationIsVisible = 0;
			defaultConfigurationName = Release;
		};
		B63FE7181CF85675007575DB /* Build configuration list for PBXNativeTarget "iosReduxAsyncUITests" */ = {
			isa = XCConfigurationList;
			buildConfigurations = (
				B63FE7191CF85675007575DB /* Debug */,
				B63FE71A1CF85675007575DB /* Release */,
			);
			defaultConfigurationIsVisible = 0;
			defaultConfigurationName = Release;
		};
/* End XCConfigurationList section */
	};
	rootObject = B63FE6E21CF85674007575DB /* Project object */;
}
